{
    "_meta": {
        "hash": {
            "sha256": "9d4bef6efdbe01805c0f8d97006495990c482f58fa40ca46baba1ada3a58a8b1"
        },
        "pipfile-spec": 6,
        "requires": {
            "python_version": "3.8"
        },
        "sources": [
            {
                "name": "pypi",
                "url": "https://pypi.org/simple",
                "verify_ssl": true
            }
        ]
    },
    "default": {
        "asgiref": {
            "hashes": [
                "sha256:7e51911ee147dd685c3c8b805c0ad0cb58d360987b56953878f8c06d2d1c6f1a",
                "sha256:9fc6fb5d39b8af147ba40765234fa822b39818b12cc80b35ad9b0cef3a476aed"
            ],
            "markers": "python_version >= '3.5'",
            "version": "==3.2.10"
        },
        "django": {
            "hashes": [
                "sha256:a2127ad0150ec6966655bedf15dbbff9697cc86d61653db2da1afa506c0b04cc",
                "sha256:c93c28ccf1d094cbd00d860e83128a39e45d2c571d3b54361713aaaf9a94cac4"
            ],
            "index": "pypi",
            "version": "==3.1.2"
        },
        "django-classy-tags": {
            "hashes": [
                "sha256:25eb4f95afee396148683bfb4811b83b3f5729218d73ad0a3399271a6f9fcc49",
                "sha256:d59d98bdf96a764dcf7a2929a86439d023b283a9152492811c7e44fc47555bc9"
            ],
            "version": "==2.0.0"
        },
        "django-multilingualfield": {
            "hashes": [
                "sha256:059870879caf20cfa45043493db0e28ea6cfc16fb6e69dab09c5f754f2ba060d"
            ],
            "index": "pypi",
            "version": "==0.3.1"
        },
        "djangorestframework": {
            "hashes": [
                "sha256:5c5071fcbad6dce16f566d492015c829ddb0df42965d488b878594aabc3aed21",
                "sha256:d54452aedebb4b650254ca092f9f4f5df947cb1de6ab245d817b08b4f4156249"
            ],
            "index": "pypi",
            "version": "==3.12.1"
        },
        "djangorestframework-simplejwt": {
            "hashes": [
                "sha256:288ee78618d906f26abf6282b639b8f1806ce1d9a7578897a125cf79c609f259",
                "sha256:c315be70aa12a5f5790c0ab9acd426c3a58eebea65a77d0893248c5144a5080c"
            ],
            "index": "pypi",
            "version": "==4.4.0"
        },
        "lxml": {
            "hashes": [
                "sha256:0d9d71656b3594a7a0e4ac95661c4c59d603812684ea0351bd8b2c9dee0ebf91",
                "sha256:126c7ba54bde5b1102c85e4c5c687c7dc1edf2f28c5d752244529dae3038074a",
                "sha256:18daa5b1245919a423acfc58b59623d438d0088a673b5f809b408413a5092abf",
                "sha256:1a5629e6c73da04459c30bc2d486b3d67b3bd46debd76bf27b17e02333350117",
                "sha256:1cb42697be3d6ab67f282f15f4fbb8e34fd8e477e03c389b2967565580dc2d1b",
                "sha256:1cedfa8180bff7d51b119b12abfe13a368795b4105212b941f5781be5b249be3",
                "sha256:268d1466fe9b0c428893c0554bdf751afc71b3dae651d17a928e06d17b8d58ea",
                "sha256:26d65faffb0cc9f96942c3184a4ff661db339d6f39457fdc6875fc264ece1c9a",
                "sha256:316d54491c832c90e28f3ceec35e8641885ee3706638402525933ec7aca24d0f",
                "sha256:38acdb3bbc35f3af9e5ccca8ad0732ffcd6b46760cea08f7881d980f4f18ca8e",
                "sha256:4e4dd29fa6b2da8eb14b6153b623755d824bfccd299bb68cb1463a857e8ade1d",
                "sha256:599d856441e4aa11cb5d01250b0b1b4672b843a497db9b5c7465edafe29dcfa4",
                "sha256:5b26ea5a6289154d1d2c88fabb228e44ebd79ba0b352d48af5bd0e14c15dd349",
                "sha256:5e50e2ea7e03fce5c09705617904add16cefd0a569af4febef07001b0d4ad539",
                "sha256:5ffd6ca8a026f80a077328dfe51768b96fee409f189dea4f81371304a504cb11",
                "sha256:68f29178ba5b8dd571755a5751ee38f4cb159d96fdd23353a9d37cb7fe73394f",
                "sha256:6d53c64a75dd71f2662463244d5beba4570f3541debbbc1f9fcb48b9db2bd2d5",
                "sha256:6d953e1e7c0889f4a0a0157b8098692bcc5a0b39dba6d66f1ade6aa8d35c239c",
                "sha256:734db976148ccad94a5f06d10ecda47e4e10208bf292da87b1f16c22a3ba3529",
                "sha256:75a37a038e7f6710ddfae4a18003a3fe4fc76f1a56b9fdb4d3dcb5147b9bc736",
                "sha256:77a3a9371b87752ea5c9d7c5fbd47933fa6655f6c205410cf03fe82b551f9ee9",
                "sha256:79f8cb5c25efb5aabed527aecab2f4b7fb172a1524d112ee2079c7ebbaf15b45",
                "sha256:8319abacbbe9fd9791c2e3c23deb9b6a16abc0fcbdfcc26722035e865b3d207f",
                "sha256:96b77238860b8c0e2195c728d02a327503afc0e66e06a26b98d6357a8d5c6d30",
                "sha256:9d519f92b0a95386641c37c1310cb6e5c0249861c6d5ec685ce77a23ff68e46f",
                "sha256:a396f204e92a0bafbcc0820896f57371ff61db645760ab86dc1a31b907c11811",
                "sha256:a5401b96749a96e373acfddc199cd64d2dcec85bf525142d4661b949ecc41fca",
                "sha256:cb7333ab8f7ce06431b6512b0e0dc63093fbc239ff1011b292a2bf827c49a135",
                "sha256:cb8dc9b9f35d1ddff2654b061ea64656392823923f8f65ec2133ea95b1332095",
                "sha256:d3fb35de9b569dd0c25542d2babb6be9d8231b216c042c4528e1b37875136c3b",
                "sha256:d846720acfb38c97edddcaefa8dceaa1783f1015fb3dc35e526c7d7b5f732723",
                "sha256:e179147e7457dd38083aa7a08ed9919cb8ba3928d1143300501b01d5e27eb8e9",
                "sha256:eacd09992c9ebc57837364e0ea4c816bb0424a642f810ff7bfefb8ecf6e021e6",
                "sha256:f6bee1603edca2f1d4b4069a2af1fecd938daa1ec3045909c6f1bd9db560bfc3",
                "sha256:f8266e58a0c464382057f5a880258fadccf0a92a34669dc2802bc3d3c160a5fd",
                "sha256:ffa03cdff12d9747e128ad96089a10011470c8416213a90d7d49ca9b354f4f11"
            ],
            "markers": "python_version >= '2.7' and python_version not in '3.0, 3.1, 3.2, 3.3, 3.4'",
            "version": "==4.6.0"
        },
        "pillow": {
            "hashes": [
                "sha256:04d984e45a0b9815f4b407e8aadb50f25fbb82a605d89db927376e94c3adf371",
                "sha256:06e730451b70471c08b8a0ee7f18e7e1df310dba9c780bbfb730a13102b143db",
                "sha256:1f59596af2b3d64a9e43f9d6509b7a51db744d0eecc23297617c604e6823c6ae",
                "sha256:233513465a2f25fce537b965621866da3d1f02e15708f371dd4e19f0fb7b7711",
                "sha256:2696f1a6402c1a42ed12c5cd8adfb4b381c32d41e35a34b8ee544309ef854172",
                "sha256:2ca55a4443b463eec90528ac27be14d226b1c2b972178bc7d4d282ce89e47b6a",
                "sha256:30615e9115f976e00a938a28c7152562e8cf8e221ddacf4446dd8b20c0d97333",
                "sha256:3a77e7b9f8991b81d7be8e0b2deab05013cf3ebb24ac2b863d2979acb68c73dd",
                "sha256:54667c8ab16658cc0b7d824d8706b440d4db8382a3561042758bdfd48ca99298",
                "sha256:59304c67d12394815331eda95ec892bf54ad95e0aa7bc1ccd8e0a4a5a25d4bf3",
                "sha256:594f2f25b7bcfd9542c41b9df156fb5104f19f5fcefa51b1447f1d9f64c9cc14",
                "sha256:5b5dde5dcedc4e6f5a71d7654a3c6e189ced82e97d7896b1ca5a5c5e4e0e916f",
                "sha256:6bcea85f93fb2c94a1bcd35704c348a929a7fb24a0ec0cc2b9fcbb0046b87176",
                "sha256:718d7f0eb3351052023b33fe0f83fc9e3beeb7cbacbd0ff2b52524e2153e4598",
                "sha256:7c4a7ee37027ca716f42726b6f9fc491c13c843c7af559e0767dfab1ae9682d4",
                "sha256:87a855b64a9b692604f6339baa4f9913d06838df1b4ccf0cb899dd18f56ec03c",
                "sha256:8c006d52365c0a6bb41a07f9c8f9f458ae8170e0af3b8c49bf7089347066b97b",
                "sha256:8e29701229705615d3dcfc439c7c46f40f913e57c7fe322b1efc30d3f37d1287",
                "sha256:9b5b41737853bc49943864d5980dfb401a09e78ddb471e71291810ccdeadd712",
                "sha256:b04569ff215b85ce3e2954979d2d5e0bf84007e43ddcf84b632fc6bc18e07909",
                "sha256:b731d45764349313bd956c07bdc1d43803bb0ad2b11354328a074e416c7d84bc",
                "sha256:c12e33cb17e2e12049a49b77696ee479791a4e44e541fdc393ae043e1246389f",
                "sha256:c41442c3814afeba1f6f16fd70cdf312a2c73c6dee8dc3ac8926bb115713ad1d",
                "sha256:c4d743c5c91424965707c9c8edc58b7cb43c127dcaf191fbcd304e2082eef56a",
                "sha256:d6766fd28f4f47cf93280a57e3dc6a9d11bdada1a6e9f019b8c62b12bbc86f6a",
                "sha256:d904570afcdbec40eb6bdbe24cba8d95c0215a2c0cbbc9c16301045bc8504c1f",
                "sha256:e674be2f349ea810e221b0113bd4491f53584ac848d5bcc3b62443cfa11d9c40",
                "sha256:e6ac40f1a62a227eb00226eb64c9c82bc878a3ed700b5414d34c9be57be87e87",
                "sha256:f5270369c799b4405ed47d45c88c09fbd7942fc9fb9891c0dabf0b8c751b625d"
            ],
            "index": "pypi",
            "version": "==8.0.0"
        },
        "pyjwt": {
            "hashes": [
                "sha256:5c6eca3c2940464d106b99ba83b00c6add741c9becaec087fb7ccdefea71350e",
                "sha256:8d59a976fb773f3e6a39c85636357c4f0e242707394cadadd9814f5cbaa20e96"
            ],
            "version": "==1.7.1"
        },
        "pytz": {
            "hashes": [
                "sha256:a494d53b6d39c3c6e44c3bec237336e14305e4f29bbf800b599253057fbb79ed",
                "sha256:c35965d010ce31b23eeb663ed3cc8c906275d6be1a34393a1d73a41febf4a048"
            ],
            "version": "==2020.1"
        },
        "sqlparse": {
            "hashes": [
                "sha256:017cde379adbd6a1f15a61873f43e8274179378e95ef3fede90b5aa64d304ed0",
                "sha256:0f91fd2e829c44362cbcfab3e9ae12e22badaa8a29ad5ff599f9ec109f0454e8"
            ],
            "markers": "python_version >= '3.5'",
            "version": "==0.4.1"
        }
    },
    "develop": {}
}
